<?xml version="1.0" encoding="utf-8"?>
<Project ToolsVersion="4.0" xmlns="http://schemas.microsoft.com/developer/msbuild/2003">
  <ItemGroup>
    <Filter Include="Source Files">
      <UniqueIdentifier>{4FC737F1-C7A5-4376-A066-2A32D752A2FF}</UniqueIdentifier>
      <Extensions>cpp;c;cc;cxx;def;odl;idl;hpj;bat;asm;asmx</Extensions>
    </Filter>
    <Filter Include="Header Files">
      <UniqueIdentifier>{93995380-89BD-4b04-88EB-625FBE52EBFB}</UniqueIdentifier>
      <Extensions>h;hh;hpp;hxx;hm;inl;inc;xsd</Extensions>
    </Filter>
    <Filter Include="Resource Files">
      <UniqueIdentifier>{67DA6AB6-F800-4c08-8B7A-83BB121AAD01}</UniqueIdentifier>
      <Extensions>rc;ico;cur;bmp;dlg;rc2;rct;bin;rgs;gif;jpg;jpeg;jpe;resx;tiff;tif;png;wav</Extensions>
    </Filter>
  </ItemGroup>
  <ItemGroup>
    <ClCompile Include="benchmark.c">
      <Filter>Source Files</Filter>
    </ClCompile>
    <ClCompile Include="camera.c">
      <Filter>Source Files</Filter>
    </ClCompile>
    <ClCompile Include="factory.c">
      <Filter>Source Files</Filter>
    </ClCompile>
    <ClCompile Include="factory_test.c">
      <Filter>Source Files</Filter>
    </ClCompile>
    <ClCompile Include="game.c">
      <Filter>Source Files</Filter>
    </ClCompile>
    <ClCompile Include="grid.c">
      <Filter>Source Files</Filter>
    </ClCompile>
    <ClCompile Include="grid_test.c">
      <Filter>Source Files</Filter>
    </ClCompile>
    <ClCompile Include="kdtree.c">
      <Filter>Source Files</Filter>
    </ClCompile>
    <ClCompile Include="kdtree_test.c">
      <Filter>Source Files</Filter>
    </ClCompile>
    <ClCompile Include="main.c">
      <Filter>Source Files</Filter>
    </ClCompile>
    <ClCompile Include="map.c">
      <Filter>Source Files</Filter>
    </ClCompile>
    <ClCompile Include="projectile.c">
      <Filter>Source Files</Filter>
    </ClCompile>
    <ClCompile Include="rand_range.c">
      <Filter>Source Files</Filter>
    </ClCompile>
    <ClCompile Include="renderer.c">
      <Filter>Source Files</Filter>
    </ClCompile>
    <ClCompile Include="renderer_test.c">
      <Filter>Source Files</Filter>
    </ClCompile>
    <ClCompile Include="scalable_grid.c">
      <Filter>Source Files</Filter>
    </ClCompile>
    <ClCompile Include="shape.c">
      <Filter>Source Files</Filter>
    </ClCompile>
    <ClCompile Include="shape_test.c">
      <Filter>Source Files</Filter>
    </ClCompile>
    <ClCompile Include="team_id.c">
      <Filter>Source Files</Filter>
    </ClCompile>
    <ClCompile Include="test.c">
      <Filter>Source Files</Filter>
    </ClCompile>
    <ClCompile Include="unit.c">
      <Filter>Source Files</Filter>
    </ClCompile>
    <ClCompile Include="unit_test.c">
      <Filter>Source Files</Filter>
    </ClCompile>
    <ClCompile Include="vector.c">
      <Filter>Source Files</Filter>
    </ClCompile>
    <ClCompile Include="vector3.c">
      <Filter>Source Files</Filter>
    </ClCompile>
    <ClCompile Include="vector_test.c">
      <Filter>Source Files</Filter>
    </ClCompile>
    <ClCompile Include="world.c">
      <Filter>Source Files</Filter>
    </ClCompile>
    <ClCompile Include="world_test.c">
      <Filter>Source Files</Filter>
    </ClCompile>
    <ClCompile Include="unit\behavior.c">
      <Filter>Source Files</Filter>
    </ClCompile>
    <ClCompile Include="unit\behavior_test.c">
      <Filter>Source Files</Filter>
    </ClCompile>
    <ClCompile Include="mod\mod_camera_update.c">
      <Filter>Source Files</Filter>
    </ClCompile>
    <ClCompile Include="mod\mod_event.c">
      <Filter>Source Files</Filter>
    </ClCompile>
    <ClCompile Include="mod\mod_factory_spawn.c">
      <Filter>Source Files</Filter>
    </ClCompile>
    <ClCompile Include="mod\mod_grid.c">
      <Filter>Source Files</Filter>
    </ClCompile>
    <ClCompile Include="mod\mod_kdtree.c">
      <Filter>Source Files</Filter>
    </ClCompile>
    <ClCompile Include="mod\mod_print_performance.c">
      <Filter>Source Files</Filter>
    </ClCompile>
    <ClCompile Include="mod\mod_projectile_unit_impact.c">
      <Filter>Source Files</Filter>
    </ClCompile>
    <ClCompile Include="mod\mod_random_spawn.c">
      <Filter>Source Files</Filter>
    </ClCompile>
    <ClCompile Include="mod\mod_render.c">
      <Filter>Source Files</Filter>
    </ClCompile>
    <ClCompile Include="mod\mod_scalable_grid.c">
      <Filter>Source Files</Filter>
    </ClCompile>
    <ClCompile Include="mod\mod_unit_behavior.c">
      <Filter>Source Files</Filter>
    </ClCompile>
    <ClCompile Include="mod\mod_unit_projectile_spawn.c">
      <Filter>Source Files</Filter>
    </ClCompile>
    <ClCompile Include="mod\mod_world_update.c">
      <Filter>Source Files</Filter>
    </ClCompile>
    <ClCompile Include="rand_range_test.c">
      <Filter>Source Files</Filter>
    </ClCompile>
  </ItemGroup>
  <ItemGroup>
    <ClInclude Include="benchmark.h">
      <Filter>Header Files</Filter>
    </ClInclude>
    <ClInclude Include="camera.h">
      <Filter>Header Files</Filter>
    </ClInclude>
    <ClInclude Include="config.h">
      <Filter>Header Files</Filter>
    </ClInclude>
    <ClInclude Include="factory.h">
      <Filter>Header Files</Filter>
    </ClInclude>
    <ClInclude Include="factory_test.h">
      <Filter>Header Files</Filter>
    </ClInclude>
    <ClInclude Include="game.h">
      <Filter>Header Files</Filter>
    </ClInclude>
    <ClInclude Include="grid.h">
      <Filter>Header Files</Filter>
    </ClInclude>
    <ClInclude Include="grid_test.h">
      <Filter>Header Files</Filter>
    </ClInclude>
    <ClInclude Include="kdtree.h">
      <Filter>Header Files</Filter>
    </ClInclude>
    <ClInclude Include="kdtree_test.h">
      <Filter>Header Files</Filter>
    </ClInclude>
    <ClInclude Include="map.h">
      <Filter>Header Files</Filter>
    </ClInclude>
    <ClInclude Include="opengl.h">
      <Filter>Header Files</Filter>
    </ClInclude>
    <ClInclude Include="pi.h">
      <Filter>Header Files</Filter>
    </ClInclude>
    <ClInclude Include="projectile.h">
      <Filter>Header Files</Filter>
    </ClInclude>
    <ClInclude Include="rand_range.h">
      <Filter>Header Files</Filter>
    </ClInclude>
    <ClInclude Include="renderer.h">
      <Filter>Header Files</Filter>
    </ClInclude>
    <ClInclude Include="renderer_test.h">
      <Filter>Header Files</Filter>
    </ClInclude>
    <ClInclude Include="scalable_grid.h">
      <Filter>Header Files</Filter>
    </ClInclude>
    <ClInclude Include="shape.h">
      <Filter>Header Files</Filter>
    </ClInclude>
    <ClInclude Include="shape_test.h">
      <Filter>Header Files</Filter>
    </ClInclude>
    <ClInclude Include="team_id.h">
      <Filter>Header Files</Filter>
    </ClInclude>
    <ClInclude Include="test.h">
      <Filter>Header Files</Filter>
    </ClInclude>
    <ClInclude Include="unit.h">
      <Filter>Header Files</Filter>
    </ClInclude>
    <ClInclude Include="unit_test.h">
      <Filter>Header Files</Filter>
    </ClInclude>
    <ClInclude Include="vector.h">
      <Filter>Header Files</Filter>
    </ClInclude>
    <ClInclude Include="vector3.h">
      <Filter>Header Files</Filter>
    </ClInclude>
    <ClInclude Include="vector_test.h">
      <Filter>Header Files</Filter>
    </ClInclude>
    <ClInclude Include="world.h">
      <Filter>Header Files</Filter>
    </ClInclude>
    <ClInclude Include="world_test.h">
      <Filter>Header Files</Filter>
    </ClInclude>
    <ClInclude Include="mod\camera_update.h">
      <Filter>Header Files</Filter>
    </ClInclude>
    <ClInclude Include="mod\event.h">
      <Filter>Header Files</Filter>
    </ClInclude>
    <ClInclude Include="mod\factory_spawn.h">
      <Filter>Header Files</Filter>
    </ClInclude>
    <ClInclude Include="mod\grid.h">
      <Filter>Header Files</Filter>
    </ClInclude>
    <ClInclude Include="mod\kdtree.h">
      <Filter>Header Files</Filter>
    </ClInclude>
    <ClInclude Include="mod\print_performance.h">
      <Filter>Header Files</Filter>
    </ClInclude>
    <ClInclude Include="mod\projectile_unit_impact.h">
      <Filter>Header Files</Filter>
    </ClInclude>
    <ClInclude Include="mod\random_spawn.h">
      <Filter>Header Files</Filter>
    </ClInclude>
    <ClInclude Include="mod\render.h">
      <Filter>Header Files</Filter>
    </ClInclude>
    <ClInclude Include="mod\scalable_grid.h">
      <Filter>Header Files</Filter>
    </ClInclude>
    <ClInclude Include="mod\unit_behavior.h">
      <Filter>Header Files</Filter>
    </ClInclude>
    <ClInclude Include="mod\unit_projectile_spawn.h">
      <Filter>Header Files</Filter>
    </ClInclude>
    <ClInclude Include="mod\world_update.h">
      <Filter>Header Files</Filter>
    </ClInclude>
    <ClInclude Include="unit\behavior.h">
      <Filter>Header Files</Filter>
    </ClInclude>
    <ClInclude Include="unit\behavior_test.h">
      <Filter>Header Files</Filter>
    </ClInclude>
    <ClInclude Include="mod\mod_camera_update.h">
      <Filter>Header Files</Filter>
    </ClInclude>
    <ClInclude Include="mod\mod_event.h">
      <Filter>Header Files</Filter>
    </ClInclude>
    <ClInclude Include="mod\mod_factory_spawn.h">
      <Filter>Header Files</Filter>
    </ClInclude>
    <ClInclude Include="mod\mod_grid.h">
      <Filter>Header Files</Filter>
    </ClInclude>
    <ClInclude Include="mod\mod_kdtree.h">
      <Filter>Header Files</Filter>
    </ClInclude>
    <ClInclude Include="mod\mod_print_performance.h">
      <Filter>Header Files</Filter>
    </ClInclude>
    <ClInclude Include="mod\mod_projectile_unit_impact.h">
      <Filter>Header Files</Filter>
    </ClInclude>
    <ClInclude Include="mod\mod_random_spawn.h">
      <Filter>Header Files</Filter>
    </ClInclude>
    <ClInclude Include="mod\mod_render.h">
      <Filter>Header Files</Filter>
    </ClInclude>
    <ClInclude Include="mod\mod_scalable_grid.h">
      <Filter>Header Files</Filter>
    </ClInclude>
    <ClInclude Include="mod\mod_unit_behavior.h">
      <Filter>Header Files</Filter>
    </ClInclude>
    <ClInclude Include="mod\mod_unit_projectile_spawn.h">
      <Filter>Header Files</Filter>
    </ClInclude>
    <ClInclude Include="mod\mod_world_update.h">
      <Filter>Header Files</Filter>
    </ClInclude>
    <ClInclude Include="rand_range_test.h">
      <Filter>Header Files</Filter>
    </ClInclude>
  </ItemGroup>
  <ItemGroup>
    <None Include="screen.html" />
  </ItemGroup>
</Project>